
Microsoft Visual Studio Solution File, Format Version 12.00
# Visual Studio 2012
Project("{FAE04EC0-301F-11D3-BF4B-00C04F79EFBC}") = "Tests", "Tests\Tests.csproj", "{C99C475A-2B9F-4B2E-8813-4FAAF8919AF1}"
EndProject
Project("{FAE04EC0-301F-11D3-BF4B-00C04F79EFBC}") = "Colorspace", "Colorspace\Colorspace.csproj", "{2CA78F26-B665-4BAE-9C90-5EC52D116A08}"
EndProject
Project("{2150E333-8FDC-42A3-9474-1A3956D46DE8}") = "Solution Items", "Solution Items", "{B24C3808-242F-42A6-82AA-77E5302046A3}"
	ProjectSection(SolutionItems) = preProject
		README.md = README.md
	EndProjectSection
EndProject
Project("{FAE04EC0-301F-11D3-BF4B-00C04F79EFBC}") = "Plotter", "Plotter\Plotter.csproj", "{DD925249-4821-4826-9759-7AA570697802}"
EndProject
Project("{2150E333-8FDC-42A3-9474-1A3956D46DE8}") = ".nuget", ".nuget", "{7510EC76-B5F6-43CD-987B-6BE38A26CCDA}"
	ProjectSection(SolutionItems) = preProject
		.nuget\NuGet.Config = .nuget\NuGet.Config
		.nuget\NuGet.exe = .nuget\NuGet.exe
		.nuget\NuGet.targets = .nuget\NuGet.targets
	EndProjectSection
EndProject
Project("{FAE04EC0-301F-11D3-BF4B-00C04F79EFBC}") = "Colorspace.Sampling", "Colorspace.Sampling\Colorspace.Sampling.csproj", "{3C2F8925-CB36-4EDD-80FB-D7D830C2327D}"
EndProject
Global
	GlobalSection(SolutionConfigurationPlatforms) = preSolution
		Debug|Any CPU = Debug|Any CPU
		Release|Any CPU = Release|Any CPU
	EndGlobalSection
	GlobalSection(ProjectConfigurationPlatforms) = postSolution
		{C99C475A-2B9F-4B2E-8813-4FAAF8919AF1}.Debug|Any CPU.ActiveCfg = Debug|Any CPU
		{C99C475A-2B9F-4B2E-8813-4FAAF8919AF1}.Debug|Any CPU.Build.0 = Debug|Any CPU
		{C99C475A-2B9F-4B2E-8813-4FAAF8919AF1}.Release|Any CPU.ActiveCfg = Release|Any CPU
		{C99C475A-2B9F-4B2E-8813-4FAAF8919AF1}.Release|Any CPU.Build.0 = Release|Any CPU
		{2CA78F26-B665-4BAE-9C90-5EC52D116A08}.Debug|Any CPU.ActiveCfg = Debug|Any CPU
		{2CA78F26-B665-4BAE-9C90-5EC52D116A08}.Debug|Any CPU.Build.0 = Debug|Any CPU
		{2CA78F26-B665-4BAE-9C90-5EC52D116A08}.Release|Any CPU.ActiveCfg = Release|Any CPU
		{2CA78F26-B665-4BAE-9C90-5EC52D116A08}.Release|Any CPU.Build.0 = Release|Any CPU
		{DD925249-4821-4826-9759-7AA570697802}.Debug|Any CPU.ActiveCfg = Debug|Any CPU
		{DD925249-4821-4826-9759-7AA570697802}.Debug|Any CPU.Build.0 = Debug|Any CPU
		{DD925249-4821-4826-9759-7AA570697802}.Release|Any CPU.ActiveCfg = Release|Any CPU
		{DD925249-4821-4826-9759-7AA570697802}.Release|Any CPU.Build.0 = Release|Any CPU
		{3C2F8925-CB36-4EDD-80FB-D7D830C2327D}.Debug|Any CPU.ActiveCfg = Debug|Any CPU
		{3C2F8925-CB36-4EDD-80FB-D7D830C2327D}.Debug|Any CPU.Build.0 = Debug|Any CPU
		{3C2F8925-CB36-4EDD-80FB-D7D830C2327D}.Release|Any CPU.ActiveCfg = Release|Any CPU
		{3C2F8925-CB36-4EDD-80FB-D7D830C2327D}.Release|Any CPU.Build.0 = Release|Any CPU
	EndGlobalSection
	GlobalSection(SolutionProperties) = preSolution
		HideSolutionNode = FALSE
	EndGlobalSection
EndGlobal
