
Microsoft Visual Studio Solution File, Format Version 12.00
# Visual Studio 2012
Project("{FAE04EC0-301F-11D3-BF4B-00C04F79EFBC}") = "Tests", "Tests\Tests.csproj", "{C99C475A-2B9F-4B2E-8813-4FAAF8919AF1}"
EndProject
Project("{FAE04EC0-301F-11D3-BF4B-00C04F79EFBC}") = "Colorspace", "Colorspace\Colorspace.csproj", "{2CA78F26-B665-4BAE-9C90-5EC52D116A08}"
EndProject
Global
	GlobalSection(SolutionConfigurationPlatforms) = preSolution
		Debug|Any CPU = Debug|Any CPU
		Release|Any CPU = Release|Any CPU
	EndGlobalSection
	GlobalSection(ProjectConfigurationPlatforms) = postSolution
		{C99C475A-2B9F-4B2E-8813-4FAAF8919AF1}.Debug|Any CPU.ActiveCfg = Debug|Any CPU
		{C99C475A-2B9F-4B2E-8813-4FAAF8919AF1}.Debug|Any CPU.Build.0 = Debug|Any CPU
		{C99C475A-2B9F-4B2E-8813-4FAAF8919AF1}.Release|Any CPU.ActiveCfg = Release|Any CPU
		{C99C475A-2B9F-4B2E-8813-4FAAF8919AF1}.Release|Any CPU.Build.0 = Release|Any CPU
		{2CA78F26-B665-4BAE-9C90-5EC52D116A08}.Debug|Any CPU.ActiveCfg = Debug|Any CPU
		{2CA78F26-B665-4BAE-9C90-5EC52D116A08}.Debug|Any CPU.Build.0 = Debug|Any CPU
		{2CA78F26-B665-4BAE-9C90-5EC52D116A08}.Release|Any CPU.ActiveCfg = Release|Any CPU
		{2CA78F26-B665-4BAE-9C90-5EC52D116A08}.Release|Any CPU.Build.0 = Release|Any CPU
	EndGlobalSection
	GlobalSection(SolutionProperties) = preSolution
		HideSolutionNode = FALSE
	EndGlobalSection
EndGlobal
